
Microsoft Visual Studio Solution File, Format Version 12.00
# Visual Studio 15
VisualStudioVersion = 15.0.33026.149
MinimumVisualStudioVersion = 10.0.40219.1
Project("{D2ABAB84-BF74-430A-B69E-9DC6D40DDA17}") = "Desafio 2 - Ejercicio 1", "Desafio 2 - Ejercicio 1\Desafio 2 - Ejercicio 1.dwproj", "{D714A5F7-2B27-4575-B778-B9CC5C23EFCD}"
EndProject
Global
	GlobalSection(SolutionConfigurationPlatforms) = preSolution
		Development|Default = Development|Default
	EndGlobalSection
	GlobalSection(ProjectConfigurationPlatforms) = postSolution
		{D714A5F7-2B27-4575-B778-B9CC5C23EFCD}.Development|Default.ActiveCfg = Development
		{D714A5F7-2B27-4575-B778-B9CC5C23EFCD}.Development|Default.Build.0 = Development
		{D714A5F7-2B27-4575-B778-B9CC5C23EFCD}.Development|Default.Deploy.0 = Development
	EndGlobalSection
	GlobalSection(SolutionProperties) = preSolution
		HideSolutionNode = FALSE
	EndGlobalSection
	GlobalSection(ExtensibilityGlobals) = postSolution
		SolutionGuid = {8E18BFF1-1BB6-43BD-AD6A-A89904D5846E}
	EndGlobalSection
EndGlobal
