
Microsoft Visual Studio Solution File, Format Version 12.00
# Visual Studio 15
VisualStudioVersion = 15.0.33026.149
MinimumVisualStudioVersion = 10.0.40219.1
Project("{D2ABAB84-BF74-430A-B69E-9DC6D40DDA17}") = "Desafio 2 - Ejercicio 2", "Desafio 2 - Ejercicio 2\Desafio 2 - Ejercicio 2.dwproj", "{C9CDB634-E48A-49FE-800C-EF90272EA01B}"
EndProject
Global
	GlobalSection(SolutionConfigurationPlatforms) = preSolution
		Development|Default = Development|Default
	EndGlobalSection
	GlobalSection(ProjectConfigurationPlatforms) = postSolution
		{C9CDB634-E48A-49FE-800C-EF90272EA01B}.Development|Default.ActiveCfg = Development
		{C9CDB634-E48A-49FE-800C-EF90272EA01B}.Development|Default.Build.0 = Development
		{C9CDB634-E48A-49FE-800C-EF90272EA01B}.Development|Default.Deploy.0 = Development
	EndGlobalSection
	GlobalSection(SolutionProperties) = preSolution
		HideSolutionNode = FALSE
	EndGlobalSection
	GlobalSection(ExtensibilityGlobals) = postSolution
		SolutionGuid = {A475BD52-920B-41AA-9154-FE773D3693FE}
	EndGlobalSection
EndGlobal
